
Microsoft Visual Studio Solution File, Format Version 10.00
# Visual Studio 2008
Project("{8BC9CEB8-8B4A-11D0-8D11-00A0C91BC942}") = "GAPractical1", "GAPractical1\GAPractical1.vcproj", "{AEF25AFA-4EAE-4706-B8A8-DC6A00A7B349}"
EndProject
Global
	GlobalSection(SolutionConfigurationPlatforms) = preSolution
		Debug|Win32 = Debug|Win32
		Release|Win32 = Release|Win32
	EndGlobalSection
	GlobalSection(ProjectConfigurationPlatforms) = postSolution
		{AEF25AFA-4EAE-4706-B8A8-DC6A00A7B349}.Debug|Win32.ActiveCfg = Debug|Win32
		{AEF25AFA-4EAE-4706-B8A8-DC6A00A7B349}.Debug|Win32.Build.0 = Debug|Win32
		{AEF25AFA-4EAE-4706-B8A8-DC6A00A7B349}.Release|Win32.ActiveCfg = Release|Win32
		{AEF25AFA-4EAE-4706-B8A8-DC6A00A7B349}.Release|Win32.Build.0 = Release|Win32
	EndGlobalSection
	GlobalSection(SolutionProperties) = preSolution
		HideSolutionNode = FALSE
	EndGlobalSection
EndGlobal
