
Microsoft Visual Studio Solution File, Format Version 10.00
# Visual Studio 2008
Project("{8BC9CEB8-8B4A-11D0-8D11-00A0C91BC942}") = "VigenereCipher", "VigenereCipher\VigenereCipher.vcproj", "{FB2D74D9-E39E-4AF4-B6E5-EA5875A6B21C}"
EndProject
Global
	GlobalSection(SolutionConfigurationPlatforms) = preSolution
		Debug|Win32 = Debug|Win32
		Release|Win32 = Release|Win32
	EndGlobalSection
	GlobalSection(ProjectConfigurationPlatforms) = postSolution
		{FB2D74D9-E39E-4AF4-B6E5-EA5875A6B21C}.Debug|Win32.ActiveCfg = Debug|Win32
		{FB2D74D9-E39E-4AF4-B6E5-EA5875A6B21C}.Debug|Win32.Build.0 = Debug|Win32
		{FB2D74D9-E39E-4AF4-B6E5-EA5875A6B21C}.Release|Win32.ActiveCfg = Release|Win32
		{FB2D74D9-E39E-4AF4-B6E5-EA5875A6B21C}.Release|Win32.Build.0 = Release|Win32
	EndGlobalSection
	GlobalSection(SolutionProperties) = preSolution
		HideSolutionNode = FALSE
	EndGlobalSection
EndGlobal
